// !$*UTF8*$!
{
	archiveVersion = 1;
	classes = {
	};
	objectVersion = 56;
	objects = {

/* Begin PBXBuildFile section */
		951D6E6F2B5A7FEB002EE48A /* AppDelegate.swift in Sources */ = {isa = PBXBuildFile; fileRef = 951D6E6E2B5A7FEB002EE48A /* AppDelegate.swift */; };
		951D6E782B5A7FEC002EE48A /* Assets.xcassets in Resources */ = {isa = PBXBuildFile; fileRef = 951D6E772B5A7FEC002EE48A /* Assets.xcassets */; };
		951D6E7B2B5A7FEC002EE48A /* LaunchScreen.storyboard in Resources */ = {isa = PBXBuildFile; fileRef = 951D6E792B5A7FEC002EE48A /* LaunchScreen.storyboard */; };
		95326AA12C412E88008450A8 /* ExampleType.swift in Sources */ = {isa = PBXBuildFile; fileRef = 95326AA02C412E88008450A8 /* ExampleType.swift */; };
		95326AA32C415758008450A8 /* AppColors.swift in Sources */ = {isa = PBXBuildFile; fileRef = 95326AA22C415758008450A8 /* AppColors.swift */; };
		954015852B5A883B002F82E7 /* ACMedia in Frameworks */ = {isa = PBXBuildFile; productRef = 954015842B5A883B002F82E7 /* ACMedia */; };
		954015882B5AA6F1002F82E7 /* Localizable.strings in Sources */ = {isa = PBXBuildFile; fileRef = 9540158A2B5AA6F1002F82E7 /* Localizable.strings */; };
		95974FBD2C412D7500DFB757 /* ExamplesListViewController.swift in Sources */ = {isa = PBXBuildFile; fileRef = 95974FBC2C412D7500DFB757 /* ExamplesListViewController.swift */; };
		95974FBF2C412D7B00DFB757 /* ExamplesListViewModel.swift in Sources */ = {isa = PBXBuildFile; fileRef = 95974FBE2C412D7B00DFB757 /* ExamplesListViewModel.swift */; };
/* End PBXBuildFile section */

/* Begin PBXFileReference section */
		951D6E6B2B5A7FEB002EE48A /* Example.app */ = {isa = PBXFileReference; explicitFileType = wrapper.application; includeInIndex = 0; path = Example.app; sourceTree = BUILT_PRODUCTS_DIR; };
		951D6E6E2B5A7FEB002EE48A /* AppDelegate.swift */ = {isa = PBXFileReference; lastKnownFileType = sourcecode.swift; path = AppDelegate.swift; sourceTree = "<group>"; };
		951D6E772B5A7FEC002EE48A /* Assets.xcassets */ = {isa = PBXFileReference; lastKnownFileType = folder.assetcatalog; path = Assets.xcassets; sourceTree = "<group>"; };
		951D6E7A2B5A7FEC002EE48A /* Base */ = {isa = PBXFileReference; lastKnownFileType = file.storyboard; name = Base; path = Base.lproj/LaunchScreen.storyboard; sourceTree = "<group>"; };
		951D6E7C2B5A7FEC002EE48A /* Info.plist */ = {isa = PBXFileReference; lastKnownFileType = text.plist.xml; path = Info.plist; sourceTree = "<group>"; };
		95326AA02C412E88008450A8 /* ExampleType.swift */ = {isa = PBXFileReference; lastKnownFileType = sourcecode.swift; path = ExampleType.swift; sourceTree = "<group>"; };
		95326AA22C415758008450A8 /* AppColors.swift */ = {isa = PBXFileReference; lastKnownFileType = sourcecode.swift; path = AppColors.swift; sourceTree = "<group>"; };
		954015812B5A8435002F82E7 /* ACMedia */ = {isa = PBXFileReference; lastKnownFileType = wrapper; name = ACMedia; path = ..; sourceTree = "<group>"; };
		954015892B5AA6F1002F82E7 /* Base */ = {isa = PBXFileReference; lastKnownFileType = text.plist.strings; name = Base; path = Base.lproj/Localizable.strings; sourceTree = "<group>"; };
		9540158C2B5AA731002F82E7 /* en */ = {isa = PBXFileReference; lastKnownFileType = text.plist.strings; name = en; path = en.lproj/Localizable.strings; sourceTree = "<group>"; };
		95974FBC2C412D7500DFB757 /* ExamplesListViewController.swift */ = {isa = PBXFileReference; lastKnownFileType = sourcecode.swift; path = ExamplesListViewController.swift; sourceTree = "<group>"; };
		95974FBE2C412D7B00DFB757 /* ExamplesListViewModel.swift */ = {isa = PBXFileReference; lastKnownFileType = sourcecode.swift; path = ExamplesListViewModel.swift; sourceTree = "<group>"; };
/* End PBXFileReference section */

/* Begin PBXFrameworksBuildPhase section */
		951D6E682B5A7FEB002EE48A /* Frameworks */ = {
			isa = PBXFrameworksBuildPhase;
			buildActionMask = 2147483647;
			files = (
				954015852B5A883B002F82E7 /* ACMedia in Frameworks */,
			);
			runOnlyForDeploymentPostprocessing = 0;
		};
/* End PBXFrameworksBuildPhase section */

/* Begin PBXGroup section */
		951D6E622B5A7FEB002EE48A = {
			isa = PBXGroup;
			children = (
				9540157F2B5A83CB002F82E7 /* Packages */,
				951D6E6D2B5A7FEB002EE48A /* Example */,
				951D6E6C2B5A7FEB002EE48A /* Products */,
				954015832B5A883B002F82E7 /* Frameworks */,
			);
			sourceTree = "<group>";
		};
		951D6E6C2B5A7FEB002EE48A /* Products */ = {
			isa = PBXGroup;
			children = (
				951D6E6B2B5A7FEB002EE48A /* Example.app */,
			);
			name = Products;
			sourceTree = "<group>";
		};
		951D6E6D2B5A7FEB002EE48A /* Example */ = {
			isa = PBXGroup;
			children = (
				95974FC02C412DC600DFB757 /* ApplicationLayer */,
				95326A9F2C412E0C008450A8 /* DomainLayer */,
				95974FB92C412D5100DFB757 /* PresentationLayer */,
				95326A9E2C412DF7008450A8 /* SupportLayer */,
			);
			path = Example;
			sourceTree = "<group>";
		};
		95326A9E2C412DF7008450A8 /* SupportLayer */ = {
			isa = PBXGroup;
			children = (
				951D6E7C2B5A7FEC002EE48A /* Info.plist */,
				951D6E792B5A7FEC002EE48A /* LaunchScreen.storyboard */,
			);
			path = SupportLayer;
			sourceTree = "<group>";
		};
		95326A9F2C412E0C008450A8 /* DomainLayer */ = {
			isa = PBXGroup;
			children = (
				95326AA02C412E88008450A8 /* ExampleType.swift */,
				95326AA22C415758008450A8 /* AppColors.swift */,
			);
			path = DomainLayer;
			sourceTree = "<group>";
		};
		9540157F2B5A83CB002F82E7 /* Packages */ = {
			isa = PBXGroup;
			children = (
				954015812B5A8435002F82E7 /* ACMedia */,
			);
			name = Packages;
			sourceTree = "<group>";
		};
		954015832B5A883B002F82E7 /* Frameworks */ = {
			isa = PBXGroup;
			children = (
			);
			name = Frameworks;
			sourceTree = "<group>";
		};
		95974FB92C412D5100DFB757 /* PresentationLayer */ = {
			isa = PBXGroup;
			children = (
				95974FBA2C412D5A00DFB757 /* Screen */,
			);
			path = PresentationLayer;
			sourceTree = "<group>";
		};
		95974FBA2C412D5A00DFB757 /* Screen */ = {
			isa = PBXGroup;
			children = (
				95974FBB2C412D6500DFB757 /* ExamplesList */,
			);
			path = Screen;
			sourceTree = "<group>";
		};
		95974FBB2C412D6500DFB757 /* ExamplesList */ = {
			isa = PBXGroup;
			children = (
				95974FBC2C412D7500DFB757 /* ExamplesListViewController.swift */,
				95974FBE2C412D7B00DFB757 /* ExamplesListViewModel.swift */,
			);
			path = ExamplesList;
			sourceTree = "<group>";
		};
		95974FC02C412DC600DFB757 /* ApplicationLayer */ = {
			isa = PBXGroup;
			children = (
				9540158A2B5AA6F1002F82E7 /* Localizable.strings */,
				951D6E6E2B5A7FEB002EE48A /* AppDelegate.swift */,
				95974FC12C412DCF00DFB757 /* Assets */,
			);
			path = ApplicationLayer;
			sourceTree = "<group>";
		};
		95974FC12C412DCF00DFB757 /* Assets */ = {
			isa = PBXGroup;
			children = (
				951D6E772B5A7FEC002EE48A /* Assets.xcassets */,
			);
			path = Assets;
			sourceTree = "<group>";
		};
/* End PBXGroup section */

/* Begin PBXNativeTarget section */
		951D6E6A2B5A7FEB002EE48A /* Example */ = {
			isa = PBXNativeTarget;
			buildConfigurationList = 951D6E7F2B5A7FEC002EE48A /* Build configuration list for PBXNativeTarget "Example" */;
			buildPhases = (
				951D6E672B5A7FEB002EE48A /* Sources */,
				951D6E682B5A7FEB002EE48A /* Frameworks */,
				951D6E692B5A7FEB002EE48A /* Resources */,
			);
			buildRules = (
			);
			dependencies = (
			);
			name = Example;
			packageProductDependencies = (
				954015842B5A883B002F82E7 /* ACMedia */,
			);
			productName = Example;
			productReference = 951D6E6B2B5A7FEB002EE48A /* Example.app */;
			productType = "com.apple.product-type.application";
		};
/* End PBXNativeTarget section */

/* Begin PBXProject section */
		951D6E632B5A7FEB002EE48A /* Project object */ = {
			isa = PBXProject;
			attributes = {
				BuildIndependentTargetsInParallel = 1;
				LastSwiftUpdateCheck = 1430;
				LastUpgradeCheck = 1430;
				TargetAttributes = {
					951D6E6A2B5A7FEB002EE48A = {
						CreatedOnToolsVersion = 14.3.1;
					};
				};
			};
			buildConfigurationList = 951D6E662B5A7FEB002EE48A /* Build configuration list for PBXProject "Example" */;
			compatibilityVersion = "Xcode 14.0";
			developmentRegion = en;
			hasScannedForEncodings = 0;
			knownRegions = (
				en,
				Base,
			);
			mainGroup = 951D6E622B5A7FEB002EE48A;
			productRefGroup = 951D6E6C2B5A7FEB002EE48A /* Products */;
			projectDirPath = "";
			projectRoot = "";
			targets = (
				951D6E6A2B5A7FEB002EE48A /* Example */,
			);
		};
/* End PBXProject section */

/* Begin PBXResourcesBuildPhase section */
		951D6E692B5A7FEB002EE48A /* Resources */ = {
			isa = PBXResourcesBuildPhase;
			buildActionMask = 2147483647;
			files = (
				951D6E7B2B5A7FEC002EE48A /* LaunchScreen.storyboard in Resources */,
				951D6E782B5A7FEC002EE48A /* Assets.xcassets in Resources */,
			);
			runOnlyForDeploymentPostprocessing = 0;
		};
/* End PBXResourcesBuildPhase section */

/* Begin PBXSourcesBuildPhase section */
		951D6E672B5A7FEB002EE48A /* Sources */ = {
			isa = PBXSourcesBuildPhase;
			buildActionMask = 2147483647;
			files = (
				95974FBF2C412D7B00DFB757 /* ExamplesListViewModel.swift in Sources */,
				954015882B5AA6F1002F82E7 /* Localizable.strings in Sources */,
				95974FBD2C412D7500DFB757 /* ExamplesListViewController.swift in Sources */,
				95326AA32C415758008450A8 /* AppColors.swift in Sources */,
				95326AA12C412E88008450A8 /* ExampleType.swift in Sources */,
				951D6E6F2B5A7FEB002EE48A /* AppDelegate.swift in Sources */,
			);
			runOnlyForDeploymentPostprocessing = 0;
		};
/* End PBXSourcesBuildPhase section */

/* Begin PBXVariantGroup section */
		951D6E792B5A7FEC002EE48A /* LaunchScreen.storyboard */ = {
			isa = PBXVariantGroup;
			children = (
				951D6E7A2B5A7FEC002EE48A /* Base */,
			);
			name = LaunchScreen.storyboard;
			sourceTree = "<group>";
		};
		9540158A2B5AA6F1002F82E7 /* Localizable.strings */ = {
			isa = PBXVariantGroup;
			children = (
				954015892B5AA6F1002F82E7 /* Base */,
				9540158C2B5AA731002F82E7 /* en */,
			);
			name = Localizable.strings;
			sourceTree = "<group>";
		};
/* End PBXVariantGroup section */

/* Begin XCBuildConfiguration section */
		951D6E7D2B5A7FEC002EE48A /* Debug */ = {
			isa = XCBuildConfiguration;
			buildSettings = {
				ALWAYS_SEARCH_USER_PATHS = NO;
				CLANG_ANALYZER_NONNULL = YES;
				CLANG_ANALYZER_NUMBER_OBJECT_CONVERSION = YES_AGGRESSIVE;
				CLANG_CXX_LANGUAGE_STANDARD = "gnu++20";
				CLANG_ENABLE_MODULES = YES;
				CLANG_ENABLE_OBJC_ARC = YES;
				CLANG_ENABLE_OBJC_WEAK = YES;
				CLANG_WARN_BLOCK_CAPTURE_AUTORELEASING = YES;
				CLANG_WARN_BOOL_CONVERSION = YES;
				CLANG_WARN_COMMA = YES;
				CLANG_WARN_CONSTANT_CONVERSION = YES;
				CLANG_WARN_DEPRECATED_OBJC_IMPLEMENTATIONS = YES;
				CLANG_WARN_DIRECT_OBJC_ISA_USAGE = YES_ERROR;
				CLANG_WARN_DOCUMENTATION_COMMENTS = YES;
				CLANG_WARN_EMPTY_BODY = YES;
				CLANG_WARN_ENUM_CONVERSION = YES;
				CLANG_WARN_INFINITE_RECURSION = YES;
				CLANG_WARN_INT_CONVERSION = YES;
				CLANG_WARN_NON_LITERAL_NULL_CONVERSION = YES;
				CLANG_WARN_OBJC_IMPLICIT_RETAIN_SELF = YES;
				CLANG_WARN_OBJC_LITERAL_CONVERSION = YES;
				CLANG_WARN_OBJC_ROOT_CLASS = YES_ERROR;
				CLANG_WARN_QUOTED_INCLUDE_IN_FRAMEWORK_HEADER = YES;
				CLANG_WARN_RANGE_LOOP_ANALYSIS = YES;
				CLANG_WARN_STRICT_PROTOTYPES = YES;
				CLANG_WARN_SUSPICIOUS_MOVE = YES;
				CLANG_WARN_UNGUARDED_AVAILABILITY = YES_AGGRESSIVE;
				CLANG_WARN_UNREACHABLE_CODE = YES;
				CLANG_WARN__DUPLICATE_METHOD_MATCH = YES;
				COPY_PHASE_STRIP = NO;
				DEBUG_INFORMATION_FORMAT = dwarf;
				ENABLE_STRICT_OBJC_MSGSEND = YES;
				ENABLE_TESTABILITY = YES;
				GCC_C_LANGUAGE_STANDARD = gnu11;
				GCC_DYNAMIC_NO_PIC = NO;
				GCC_NO_COMMON_BLOCKS = YES;
				GCC_OPTIMIZATION_LEVEL = 0;
				GCC_PREPROCESSOR_DEFINITIONS = (
					"DEBUG=1",
					"$(inherited)",
				);
				GCC_WARN_64_TO_32_BIT_CONVERSION = YES;
				GCC_WARN_ABOUT_RETURN_TYPE = YES_ERROR;
				GCC_WARN_UNDECLARED_SELECTOR = YES;
				GCC_WARN_UNINITIALIZED_AUTOS = YES_AGGRESSIVE;
				GCC_WARN_UNUSED_FUNCTION = YES;
				GCC_WARN_UNUSED_VARIABLE = YES;
				IPHONEOS_DEPLOYMENT_TARGET = 12.0;
				MTL_ENABLE_DEBUG_INFO = INCLUDE_SOURCE;
				MTL_FAST_MATH = YES;
				ONLY_ACTIVE_ARCH = YES;
				SDKROOT = iphoneos;
				SWIFT_ACTIVE_COMPILATION_CONDITIONS = DEBUG;
				SWIFT_OPTIMIZATION_LEVEL = "-Onone";
			};
			name = Debug;
		};
		951D6E7E2B5A7FEC002EE48A /* Release */ = {
			isa = XCBuildConfiguration;
			buildSettings = {
				ALWAYS_SEARCH_USER_PATHS = NO;
				CLANG_ANALYZER_NONNULL = YES;
				CLANG_ANALYZER_NUMBER_OBJECT_CONVERSION = YES_AGGRESSIVE;
				CLANG_CXX_LANGUAGE_STANDARD = "gnu++20";
				CLANG_ENABLE_MODULES = YES;
				CLANG_ENABLE_OBJC_ARC = YES;
				CLANG_ENABLE_OBJC_WEAK = YES;
				CLANG_WARN_BLOCK_CAPTURE_AUTORELEASING = YES;
				CLANG_WARN_BOOL_CONVERSION = YES;
				CLANG_WARN_COMMA = YES;
				CLANG_WARN_CONSTANT_CONVERSION = YES;
				CLANG_WARN_DEPRECATED_OBJC_IMPLEMENTATIONS = YES;
				CLANG_WARN_DIRECT_OBJC_ISA_USAGE = YES_ERROR;
				CLANG_WARN_DOCUMENTATION_COMMENTS = YES;
				CLANG_WARN_EMPTY_BODY = YES;
				CLANG_WARN_ENUM_CONVERSION = YES;
				CLANG_WARN_INFINITE_RECURSION = YES;
				CLANG_WARN_INT_CONVERSION = YES;
				CLANG_WARN_NON_LITERAL_NULL_CONVERSION = YES;
				CLANG_WARN_OBJC_IMPLICIT_RETAIN_SELF = YES;
				CLANG_WARN_OBJC_LITERAL_CONVERSION = YES;
				CLANG_WARN_OBJC_ROOT_CLASS = YES_ERROR;
				CLANG_WARN_QUOTED_INCLUDE_IN_FRAMEWORK_HEADER = YES;
				CLANG_WARN_RANGE_LOOP_ANALYSIS = YES;
				CLANG_WARN_STRICT_PROTOTYPES = YES;
				CLANG_WARN_SUSPICIOUS_MOVE = YES;
				CLANG_WARN_UNGUARDED_AVAILABILITY = YES_AGGRESSIVE;
				CLANG_WARN_UNREACHABLE_CODE = YES;
				CLANG_WARN__DUPLICATE_METHOD_MATCH = YES;
				COPY_PHASE_STRIP = NO;
				DEBUG_INFORMATION_FORMAT = "dwarf-with-dsym";
				ENABLE_NS_ASSERTIONS = NO;
				ENABLE_STRICT_OBJC_MSGSEND = YES;
				GCC_C_LANGUAGE_STANDARD = gnu11;
				GCC_NO_COMMON_BLOCKS = YES;
				GCC_WARN_64_TO_32_BIT_CONVERSION = YES;
				GCC_WARN_ABOUT_RETURN_TYPE = YES_ERROR;
				GCC_WARN_UNDECLARED_SELECTOR = YES;
				GCC_WARN_UNINITIALIZED_AUTOS = YES_AGGRESSIVE;
				GCC_WARN_UNUSED_FUNCTION = YES;
				GCC_WARN_UNUSED_VARIABLE = YES;
				IPHONEOS_DEPLOYMENT_TARGET = 12.0;
				MTL_ENABLE_DEBUG_INFO = NO;
				MTL_FAST_MATH = YES;
				SDKROOT = iphoneos;
				SWIFT_COMPILATION_MODE = wholemodule;
				SWIFT_OPTIMIZATION_LEVEL = "-O";
				VALIDATE_PRODUCT = YES;
			};
			name = Release;
		};
		951D6E802B5A7FEC002EE48A /* Debug */ = {
			isa = XCBuildConfiguration;
			buildSettings = {
				ASSETCATALOG_COMPILER_APPICON_NAME = AppIcon;
				ASSETCATALOG_COMPILER_GLOBAL_ACCENT_COLOR_NAME = AccentColor;
				CODE_SIGN_IDENTITY = "Apple Development";
				CODE_SIGN_STYLE = Automatic;
				CURRENT_PROJECT_VERSION = 1;
				DEVELOPMENT_TEAM = C6R43LZVYJ;
				GENERATE_INFOPLIST_FILE = YES;
				INFOPLIST_FILE = Example/SupportLayer/Info.plist;
				INFOPLIST_KEY_CFBundleDisplayName = ACMedia;
				INFOPLIST_KEY_NSCameraUsageDescription = "For selecting photo";
				INFOPLIST_KEY_NSPhotoLibraryUsageDescription = "For selecting pgoto";
				INFOPLIST_KEY_UIApplicationSupportsIndirectInputEvents = YES;
				INFOPLIST_KEY_UILaunchStoryboardName = LaunchScreen;
				INFOPLIST_KEY_UIRequiredDeviceCapabilities = armv7;
				INFOPLIST_KEY_UISupportedInterfaceOrientations = "UIInterfaceOrientationPortrait UIInterfaceOrientationLandscapeLeft UIInterfaceOrientationLandscapeRight";
				INFOPLIST_KEY_UISupportedInterfaceOrientations_iPad = "UIInterfaceOrientationPortrait UIInterfaceOrientationPortraitUpsideDown UIInterfaceOrientationLandscapeLeft UIInterfaceOrientationLandscapeRight";
				INFOPLIST_KEY_UISupportedInterfaceOrientations_iPhone = "UIInterfaceOrientationPortrait UIInterfaceOrientationLandscapeLeft UIInterfaceOrientationLandscapeRight";
				IPHONEOS_DEPLOYMENT_TARGET = 13.0;
				LD_RUNPATH_SEARCH_PATHS = (
					"$(inherited)",
					"@executable_path/Frameworks",
				);
				MARKETING_VERSION = 1.0;
				PRODUCT_BUNDLE_IDENTIFIER = com.appcraft.acmedia.example;
				PRODUCT_NAME = "$(TARGET_NAME)";
				PROVISIONING_PROFILE_SPECIFIER = "";
				SWIFT_EMIT_LOC_STRINGS = YES;
				SWIFT_VERSION = 5.0;
				TARGETED_DEVICE_FAMILY = "1,2";
			};
			name = Debug;
		};
		951D6E812B5A7FEC002EE48A /* Release */ = {
			isa = XCBuildConfiguration;
			buildSettings = {
				ASSETCATALOG_COMPILER_APPICON_NAME = AppIcon;
				ASSETCATALOG_COMPILER_GLOBAL_ACCENT_COLOR_NAME = AccentColor;
				CODE_SIGN_IDENTITY = "Apple Development";
				CODE_SIGN_STYLE = Automatic;
				CURRENT_PROJECT_VERSION = 1;
				DEVELOPMENT_TEAM = C6R43LZVYJ;
				GENERATE_INFOPLIST_FILE = YES;
				INFOPLIST_FILE = Example/SupportLayer/Info.plist;
				INFOPLIST_KEY_CFBundleDisplayName = ACMedia;
				INFOPLIST_KEY_NSCameraUsageDescription = "For selecting photo";
				INFOPLIST_KEY_NSPhotoLibraryUsageDescription = "For selecting pgoto";
				INFOPLIST_KEY_UIApplicationSupportsIndirectInputEvents = YES;
				INFOPLIST_KEY_UILaunchStoryboardName = LaunchScreen;
				INFOPLIST_KEY_UIRequiredDeviceCapabilities = armv7;
				INFOPLIST_KEY_UISupportedInterfaceOrientations = "UIInterfaceOrientationPortrait UIInterfaceOrientationLandscapeLeft UIInterfaceOrientationLandscapeRight";
				INFOPLIST_KEY_UISupportedInterfaceOrientations_iPad = "UIInterfaceOrientationPortrait UIInterfaceOrientationPortraitUpsideDown UIInterfaceOrientationLandscapeLeft UIInterfaceOrientationLandscapeRight";
				INFOPLIST_KEY_UISupportedInterfaceOrientations_iPhone = "UIInterfaceOrientationPortrait UIInterfaceOrientationLandscapeLeft UIInterfaceOrientationLandscapeRight";
				IPHONEOS_DEPLOYMENT_TARGET = 13.0;
				LD_RUNPATH_SEARCH_PATHS = (
					"$(inherited)",
					"@executable_path/Frameworks",
				);
				MARKETING_VERSION = 1.0;
				PRODUCT_BUNDLE_IDENTIFIER = com.appcraft.acmedia.example;
				PRODUCT_NAME = "$(TARGET_NAME)";
				PROVISIONING_PROFILE_SPECIFIER = "";
				SWIFT_EMIT_LOC_STRINGS = YES;
				SWIFT_VERSION = 5.0;
				TARGETED_DEVICE_FAMILY = "1,2";
			};
			name = Release;
		};
/* End XCBuildConfiguration section */

/* Begin XCConfigurationList section */
		951D6E662B5A7FEB002EE48A /* Build configuration list for PBXProject "Example" */ = {
			isa = XCConfigurationList;
			buildConfigurations = (
				951D6E7D2B5A7FEC002EE48A /* Debug */,
				951D6E7E2B5A7FEC002EE48A /* Release */,
			);
			defaultConfigurationIsVisible = 0;
			defaultConfigurationName = Release;
		};
		951D6E7F2B5A7FEC002EE48A /* Build configuration list for PBXNativeTarget "Example" */ = {
			isa = XCConfigurationList;
			buildConfigurations = (
				951D6E802B5A7FEC002EE48A /* Debug */,
				951D6E812B5A7FEC002EE48A /* Release */,
			);
			defaultConfigurationIsVisible = 0;
			defaultConfigurationName = Release;
		};
/* End XCConfigurationList section */

/* Begin XCSwiftPackageProductDependency section */
		954015842B5A883B002F82E7 /* ACMedia */ = {
			isa = XCSwiftPackageProductDependency;
			productName = ACMedia;
		};
/* End XCSwiftPackageProductDependency section */
	};
	rootObject = 951D6E632B5A7FEB002EE48A /* Project object */;
}
